// !$*UTF8*$!
{
	archiveVersion = 1;
	classes = {
	};
	objectVersion = 46;
	objects = {

/* Begin PBXBuildFile section */
		9F3AE9E71BC6086300ADB6DE /* AppDelegate.swift in Sources */ = {isa = PBXBuildFile; fileRef = 9F3AE9E61BC6086300ADB6DE /* AppDelegate.swift */; };
		9F3AE9EE1BC6086400ADB6DE /* Assets.xcassets in Resources */ = {isa = PBXBuildFile; fileRef = 9F3AE9ED1BC6086400ADB6DE /* Assets.xcassets */; };
		9F3AE9FC1BC6086400ADB6DE /* ____3Tests.swift in Sources */ = {isa = PBXBuildFile; fileRef = 9F3AE9FB1BC6086400ADB6DE /* ____3Tests.swift */; };
		9F3AEA071BC6086400ADB6DE /* ____3UITests.swift in Sources */ = {isa = PBXBuildFile; fileRef = 9F3AEA061BC6086400ADB6DE /* ____3UITests.swift */; };
		9F3AEA241BC623EB00ADB6DE /* MainTabBarController.swift in Sources */ = {isa = PBXBuildFile; fileRef = 9F3AEA231BC623EB00ADB6DE /* MainTabBarController.swift */; settings = {ASSET_TAGS = (); }; };
		9F3AEA2A1BC6247100ADB6DE /* DiscoveryTableViewController.swift in Sources */ = {isa = PBXBuildFile; fileRef = 9F3AEA291BC6247100ADB6DE /* DiscoveryTableViewController.swift */; settings = {ASSET_TAGS = (); }; };
		9F3AEA2C1BC6248100ADB6DE /* HomeTableViewController.swift in Sources */ = {isa = PBXBuildFile; fileRef = 9F3AEA2B1BC6248100ADB6DE /* HomeTableViewController.swift */; settings = {ASSET_TAGS = (); }; };
		9F3AEA2E1BC6248D00ADB6DE /* MessageTableViewController.swift in Sources */ = {isa = PBXBuildFile; fileRef = 9F3AEA2D1BC6248D00ADB6DE /* MessageTableViewController.swift */; settings = {ASSET_TAGS = (); }; };
		9F3AEA321BC624CF00ADB6DE /* MainTabBar.swift in Sources */ = {isa = PBXBuildFile; fileRef = 9F3AEA311BC624CF00ADB6DE /* MainTabBar.swift */; settings = {ASSET_TAGS = (); }; };
		9F3AEA341BC624DF00ADB6DE /* Main.storyboard in Resources */ = {isa = PBXBuildFile; fileRef = 9F3AEA331BC624DF00ADB6DE /* Main.storyboard */; settings = {ASSET_TAGS = (); }; };
		9F3AEA361BC624F200ADB6DE /* Discovery.storyboard in Resources */ = {isa = PBXBuildFile; fileRef = 9F3AEA351BC624F200ADB6DE /* Discovery.storyboard */; settings = {ASSET_TAGS = (); }; };
		9F3AEA381BC624FD00ADB6DE /* Home.storyboard in Resources */ = {isa = PBXBuildFile; fileRef = 9F3AEA371BC624FD00ADB6DE /* Home.storyboard */; settings = {ASSET_TAGS = (); }; };
		9F3AEA3A1BC6250800ADB6DE /* Message.storyboard in Resources */ = {isa = PBXBuildFile; fileRef = 9F3AEA391BC6250800ADB6DE /* Message.storyboard */; settings = {ASSET_TAGS = (); }; };
		9FD66B151BC674DC006B49C4 /* Profile.storyboard in Resources */ = {isa = PBXBuildFile; fileRef = 9FD66B131BC674DC006B49C4 /* Profile.storyboard */; settings = {ASSET_TAGS = (); }; };
		9FD66B161BC674DC006B49C4 /* ProfileTableViewController.swift in Sources */ = {isa = PBXBuildFile; fileRef = 9FD66B141BC674DC006B49C4 /* ProfileTableViewController.swift */; settings = {ASSET_TAGS = (); }; };
/* End PBXBuildFile section */

/* Begin PBXContainerItemProxy section */
		9F3AE9F81BC6086400ADB6DE /* PBXContainerItemProxy */ = {
			isa = PBXContainerItemProxy;
			containerPortal = 9F3AE9DB1BC6086300ADB6DE /* Project object */;
			proxyType = 1;
			remoteGlobalIDString = 9F3AE9E21BC6086300ADB6DE;
			remoteInfo = "新浪微博3";
		};
		9F3AEA031BC6086400ADB6DE /* PBXContainerItemProxy */ = {
			isa = PBXContainerItemProxy;
			containerPortal = 9F3AE9DB1BC6086300ADB6DE /* Project object */;
			proxyType = 1;
			remoteGlobalIDString = 9F3AE9E21BC6086300ADB6DE;
			remoteInfo = "新浪微博3";
		};
/* End PBXContainerItemProxy section */

/* Begin PBXFileReference section */
		9F3AE9E31BC6086300ADB6DE /* 新浪微博3.app */ = {isa = PBXFileReference; explicitFileType = wrapper.application; includeInIndex = 0; path = "新浪微博3.app"; sourceTree = BUILT_PRODUCTS_DIR; };
		9F3AE9E61BC6086300ADB6DE /* AppDelegate.swift */ = {isa = PBXFileReference; lastKnownFileType = sourcecode.swift; path = AppDelegate.swift; sourceTree = "<group>"; };
		9F3AE9ED1BC6086400ADB6DE /* Assets.xcassets */ = {isa = PBXFileReference; lastKnownFileType = folder.assetcatalog; path = Assets.xcassets; sourceTree = "<group>"; };
		9F3AE9F21BC6086400ADB6DE /* Info.plist */ = {isa = PBXFileReference; lastKnownFileType = text.plist.xml; path = Info.plist; sourceTree = "<group>"; };
		9F3AE9F71BC6086400ADB6DE /* 新浪微博3Tests.xctest */ = {isa = PBXFileReference; explicitFileType = wrapper.cfbundle; includeInIndex = 0; path = "新浪微博3Tests.xctest"; sourceTree = BUILT_PRODUCTS_DIR; };
		9F3AE9FB1BC6086400ADB6DE /* ____3Tests.swift */ = {isa = PBXFileReference; lastKnownFileType = sourcecode.swift; path = "____3Tests.swift"; sourceTree = "<group>"; };
		9F3AE9FD1BC6086400ADB6DE /* Info.plist */ = {isa = PBXFileReference; lastKnownFileType = text.plist.xml; path = Info.plist; sourceTree = "<group>"; };
		9F3AEA021BC6086400ADB6DE /* 新浪微博3UITests.xctest */ = {isa = PBXFileReference; explicitFileType = wrapper.cfbundle; includeInIndex = 0; path = "新浪微博3UITests.xctest"; sourceTree = BUILT_PRODUCTS_DIR; };
		9F3AEA061BC6086400ADB6DE /* ____3UITests.swift */ = {isa = PBXFileReference; lastKnownFileType = sourcecode.swift; path = "____3UITests.swift"; sourceTree = "<group>"; };
		9F3AEA081BC6086400ADB6DE /* Info.plist */ = {isa = PBXFileReference; lastKnownFileType = text.plist.xml; path = Info.plist; sourceTree = "<group>"; };
		9F3AEA231BC623EB00ADB6DE /* MainTabBarController.swift */ = {isa = PBXFileReference; fileEncoding = 4; lastKnownFileType = sourcecode.swift; path = MainTabBarController.swift; sourceTree = "<group>"; };
		9F3AEA291BC6247100ADB6DE /* DiscoveryTableViewController.swift */ = {isa = PBXFileReference; fileEncoding = 4; lastKnownFileType = sourcecode.swift; path = DiscoveryTableViewController.swift; sourceTree = "<group>"; };
		9F3AEA2B1BC6248100ADB6DE /* HomeTableViewController.swift */ = {isa = PBXFileReference; fileEncoding = 4; lastKnownFileType = sourcecode.swift; path = HomeTableViewController.swift; sourceTree = "<group>"; };
		9F3AEA2D1BC6248D00ADB6DE /* MessageTableViewController.swift */ = {isa = PBXFileReference; fileEncoding = 4; lastKnownFileType = sourcecode.swift; path = MessageTableViewController.swift; sourceTree = "<group>"; };
		9F3AEA311BC624CF00ADB6DE /* MainTabBar.swift */ = {isa = PBXFileReference; fileEncoding = 4; lastKnownFileType = sourcecode.swift; path = MainTabBar.swift; sourceTree = "<group>"; };
		9F3AEA331BC624DF00ADB6DE /* Main.storyboard */ = {isa = PBXFileReference; fileEncoding = 4; lastKnownFileType = file.storyboard; path = Main.storyboard; sourceTree = "<group>"; };
		9F3AEA351BC624F200ADB6DE /* Discovery.storyboard */ = {isa = PBXFileReference; fileEncoding = 4; lastKnownFileType = file.storyboard; path = Discovery.storyboard; sourceTree = "<group>"; };
		9F3AEA371BC624FD00ADB6DE /* Home.storyboard */ = {isa = PBXFileReference; fileEncoding = 4; lastKnownFileType = file.storyboard; path = Home.storyboard; sourceTree = "<group>"; };
		9F3AEA391BC6250800ADB6DE /* Message.storyboard */ = {isa = PBXFileReference; fileEncoding = 4; lastKnownFileType = file.storyboard; path = Message.storyboard; sourceTree = "<group>"; };
		9FD66B131BC674DC006B49C4 /* Profile.storyboard */ = {isa = PBXFileReference; fileEncoding = 4; lastKnownFileType = file.storyboard; name = Profile.storyboard; path = Classes/Module/Profile/Profile.storyboard; sourceTree = SOURCE_ROOT; };
		9FD66B141BC674DC006B49C4 /* ProfileTableViewController.swift */ = {isa = PBXFileReference; fileEncoding = 4; lastKnownFileType = sourcecode.swift; name = ProfileTableViewController.swift; path = Classes/Module/Profile/ProfileTableViewController.swift; sourceTree = SOURCE_ROOT; };
/* End PBXFileReference section */

/* Begin PBXFrameworksBuildPhase section */
		9F3AE9E01BC6086300ADB6DE /* Frameworks */ = {
			isa = PBXFrameworksBuildPhase;
			buildActionMask = 2147483647;
			files = (
			);
			runOnlyForDeploymentPostprocessing = 0;
		};
		9F3AE9F41BC6086400ADB6DE /* Frameworks */ = {
			isa = PBXFrameworksBuildPhase;
			buildActionMask = 2147483647;
			files = (
			);
			runOnlyForDeploymentPostprocessing = 0;
		};
		9F3AE9FF1BC6086400ADB6DE /* Frameworks */ = {
			isa = PBXFrameworksBuildPhase;
			buildActionMask = 2147483647;
			files = (
			);
			runOnlyForDeploymentPostprocessing = 0;
		};
/* End PBXFrameworksBuildPhase section */

/* Begin PBXGroup section */
		9F3AE9DA1BC6086300ADB6DE = {
			isa = PBXGroup;
			children = (
				9F3AE9E51BC6086300ADB6DE /* 新浪微博3 */,
				9F3AE9FA1BC6086400ADB6DE /* 新浪微博3Tests */,
				9F3AEA051BC6086400ADB6DE /* 新浪微博3UITests */,
				9F3AE9E41BC6086300ADB6DE /* Products */,
			);
			sourceTree = "<group>";
		};
		9F3AE9E41BC6086300ADB6DE /* Products */ = {
			isa = PBXGroup;
			children = (
				9F3AE9E31BC6086300ADB6DE /* 新浪微博3.app */,
				9F3AE9F71BC6086400ADB6DE /* 新浪微博3Tests.xctest */,
				9F3AEA021BC6086400ADB6DE /* 新浪微博3UITests.xctest */,
			);
			name = Products;
			sourceTree = "<group>";
		};
		9F3AE9E51BC6086300ADB6DE /* 新浪微博3 */ = {
			isa = PBXGroup;
			children = (
				9F3AEA1A1BC6214F00ADB6DE /* Classes */,
				9F3AE9E61BC6086300ADB6DE /* AppDelegate.swift */,
				9F3AE9ED1BC6086400ADB6DE /* Assets.xcassets */,
				9F3AE9F21BC6086400ADB6DE /* Info.plist */,
			);
			path = "新浪微博3";
			sourceTree = "<group>";
		};
		9F3AE9FA1BC6086400ADB6DE /* 新浪微博3Tests */ = {
			isa = PBXGroup;
			children = (
				9F3AE9FB1BC6086400ADB6DE /* ____3Tests.swift */,
				9F3AE9FD1BC6086400ADB6DE /* Info.plist */,
			);
			path = "新浪微博3Tests";
			sourceTree = "<group>";
		};
		9F3AEA051BC6086400ADB6DE /* 新浪微博3UITests */ = {
			isa = PBXGroup;
			children = (
				9F3AEA061BC6086400ADB6DE /* ____3UITests.swift */,
				9F3AEA081BC6086400ADB6DE /* Info.plist */,
			);
			path = "新浪微博3UITests";
			sourceTree = "<group>";
		};
		9F3AEA1A1BC6214F00ADB6DE /* Classes */ = {
			isa = PBXGroup;
			children = (
				9F3AEA1B1BC6214F00ADB6DE /* Model */,
				9F3AEA1C1BC6214F00ADB6DE /* Module */,
			);
			path = Classes;
			sourceTree = SOURCE_ROOT;
		};
		9F3AEA1B1BC6214F00ADB6DE /* Model */ = {
			isa = PBXGroup;
			children = (
			);
			path = Model;
			sourceTree = "<group>";
		};
		9F3AEA1C1BC6214F00ADB6DE /* Module */ = {
			isa = PBXGroup;
			children = (
				9F3AEA221BC6216800ADB6DE /* Main */,
				9F3AEA1D1BC6214F00ADB6DE /* Discovery */,
				9F3AEA1E1BC6214F00ADB6DE /* Home */,
				9F3AEA201BC6214F00ADB6DE /* Message */,
				9F3AEA211BC6214F00ADB6DE /* Profile */,
			);
			path = Module;
			sourceTree = "<group>";
		};
		9F3AEA1D1BC6214F00ADB6DE /* Discovery */ = {
			isa = PBXGroup;
			children = (
				9F3AEA291BC6247100ADB6DE /* DiscoveryTableViewController.swift */,
				9F3AEA351BC624F200ADB6DE /* Discovery.storyboard */,
			);
			path = Discovery;
			sourceTree = "<group>";
		};
		9F3AEA1E1BC6214F00ADB6DE /* Home */ = {
			isa = PBXGroup;
			children = (
				9F3AEA2B1BC6248100ADB6DE /* HomeTableViewController.swift */,
				9F3AEA371BC624FD00ADB6DE /* Home.storyboard */,
			);
			path = Home;
			sourceTree = "<group>";
		};
		9F3AEA201BC6214F00ADB6DE /* Message */ = {
			isa = PBXGroup;
			children = (
				9F3AEA2D1BC6248D00ADB6DE /* MessageTableViewController.swift */,
				9F3AEA391BC6250800ADB6DE /* Message.storyboard */,
			);
			path = Message;
			sourceTree = "<group>";
		};
		9F3AEA211BC6214F00ADB6DE /* Profile */ = {
			isa = PBXGroup;
			children = (
				9FD66B131BC674DC006B49C4 /* Profile.storyboard */,
				9FD66B141BC674DC006B49C4 /* ProfileTableViewController.swift */,
			);
			path = Profile;
			sourceTree = "<group>";
		};
		9F3AEA221BC6216800ADB6DE /* Main */ = {
			isa = PBXGroup;
			children = (
				9F3AEA231BC623EB00ADB6DE /* MainTabBarController.swift */,
				9F3AEA311BC624CF00ADB6DE /* MainTabBar.swift */,
				9F3AEA331BC624DF00ADB6DE /* Main.storyboard */,
			);
			path = Main;
			sourceTree = "<group>";
		};
/* End PBXGroup section */

/* Begin PBXNativeTarget section */
		9F3AE9E21BC6086300ADB6DE /* 新浪微博3 */ = {
			isa = PBXNativeTarget;
			buildConfigurationList = 9F3AEA0B1BC6086400ADB6DE /* Build configuration list for PBXNativeTarget "新浪微博3" */;
			buildPhases = (
				9F3AE9DF1BC6086300ADB6DE /* Sources */,
				9F3AE9E01BC6086300ADB6DE /* Frameworks */,
				9F3AE9E11BC6086300ADB6DE /* Resources */,
			);
			buildRules = (
			);
			dependencies = (
			);
			name = "新浪微博3";
			productName = "新浪微博3";
			productReference = 9F3AE9E31BC6086300ADB6DE /* 新浪微博3.app */;
			productType = "com.apple.product-type.application";
		};
		9F3AE9F61BC6086400ADB6DE /* 新浪微博3Tests */ = {
			isa = PBXNativeTarget;
			buildConfigurationList = 9F3AEA0E1BC6086400ADB6DE /* Build configuration list for PBXNativeTarget "新浪微博3Tests" */;
			buildPhases = (
				9F3AE9F31BC6086400ADB6DE /* Sources */,
				9F3AE9F41BC6086400ADB6DE /* Frameworks */,
				9F3AE9F51BC6086400ADB6DE /* Resources */,
			);
			buildRules = (
			);
			dependencies = (
				9F3AE9F91BC6086400ADB6DE /* PBXTargetDependency */,
			);
			name = "新浪微博3Tests";
			productName = "新浪微博3Tests";
			productReference = 9F3AE9F71BC6086400ADB6DE /* 新浪微博3Tests.xctest */;
			productType = "com.apple.product-type.bundle.unit-test";
		};
		9F3AEA011BC6086400ADB6DE /* 新浪微博3UITests */ = {
			isa = PBXNativeTarget;
			buildConfigurationList = 9F3AEA111BC6086400ADB6DE /* Build configuration list for PBXNativeTarget "新浪微博3UITests" */;
			buildPhases = (
				9F3AE9FE1BC6086400ADB6DE /* Sources */,
				9F3AE9FF1BC6086400ADB6DE /* Frameworks */,
				9F3AEA001BC6086400ADB6DE /* Resources */,
			);
			buildRules = (
			);
			dependencies = (
				9F3AEA041BC6086400ADB6DE /* PBXTargetDependency */,
			);
			name = "新浪微博3UITests";
			productName = "新浪微博3UITests";
			productReference = 9F3AEA021BC6086400ADB6DE /* 新浪微博3UITests.xctest */;
			productType = "com.apple.product-type.bundle.ui-testing";
		};
/* End PBXNativeTarget section */

/* Begin PBXProject section */
		9F3AE9DB1BC6086300ADB6DE /* Project object */ = {
			isa = PBXProject;
			attributes = {
				LastUpgradeCheck = 0700;
				ORGANIZATIONNAME = Maggie;
				TargetAttributes = {
					9F3AE9E21BC6086300ADB6DE = {
						CreatedOnToolsVersion = 7.0;
					};
					9F3AE9F61BC6086400ADB6DE = {
						CreatedOnToolsVersion = 7.0;
						TestTargetID = 9F3AE9E21BC6086300ADB6DE;
					};
					9F3AEA011BC6086400ADB6DE = {
						CreatedOnToolsVersion = 7.0;
						TestTargetID = 9F3AE9E21BC6086300ADB6DE;
					};
				};
			};
			buildConfigurationList = 9F3AE9DE1BC6086300ADB6DE /* Build configuration list for PBXProject "新浪微博3" */;
			compatibilityVersion = "Xcode 3.2";
			developmentRegion = English;
			hasScannedForEncodings = 0;
			knownRegions = (
				en,
				Base,
			);
			mainGroup = 9F3AE9DA1BC6086300ADB6DE;
			productRefGroup = 9F3AE9E41BC6086300ADB6DE /* Products */;
			projectDirPath = "";
			projectRoot = "";
			targets = (
				9F3AE9E21BC6086300ADB6DE /* 新浪微博3 */,
				9F3AE9F61BC6086400ADB6DE /* 新浪微博3Tests */,
				9F3AEA011BC6086400ADB6DE /* 新浪微博3UITests */,
			);
		};
/* End PBXProject section */

/* Begin PBXResourcesBuildPhase section */
		9F3AE9E11BC6086300ADB6DE /* Resources */ = {
			isa = PBXResourcesBuildPhase;
			buildActionMask = 2147483647;
			files = (
				9FD66B151BC674DC006B49C4 /* Profile.storyboard in Resources */,
				9F3AE9EE1BC6086400ADB6DE /* Assets.xcassets in Resources */,
				9F3AEA341BC624DF00ADB6DE /* Main.storyboard in Resources */,
				9F3AEA3A1BC6250800ADB6DE /* Message.storyboard in Resources */,
				9F3AEA361BC624F200ADB6DE /* Discovery.storyboard in Resources */,
				9F3AEA381BC624FD00ADB6DE /* Home.storyboard in Resources */,
			);
			runOnlyForDeploymentPostprocessing = 0;
		};
		9F3AE9F51BC6086400ADB6DE /* Resources */ = {
			isa = PBXResourcesBuildPhase;
			buildActionMask = 2147483647;
			files = (
			);
			runOnlyForDeploymentPostprocessing = 0;
		};
		9F3AEA001BC6086400ADB6DE /* Resources */ = {
			isa = PBXResourcesBuildPhase;
			buildActionMask = 2147483647;
			files = (
			);
			runOnlyForDeploymentPostprocessing = 0;
		};
/* End PBXResourcesBuildPhase section */

/* Begin PBXSourcesBuildPhase section */
		9F3AE9DF1BC6086300ADB6DE /* Sources */ = {
			isa = PBXSourcesBuildPhase;
			buildActionMask = 2147483647;
			files = (
				9FD66B161BC674DC006B49C4 /* ProfileTableViewController.swift in Sources */,
				9F3AEA2C1BC6248100ADB6DE /* HomeTableViewController.swift in Sources */,
				9F3AEA321BC624CF00ADB6DE /* MainTabBar.swift in Sources */,
				9F3AEA2A1BC6247100ADB6DE /* DiscoveryTableViewController.swift in Sources */,
				9F3AEA2E1BC6248D00ADB6DE /* MessageTableViewController.swift in Sources */,
				9F3AEA241BC623EB00ADB6DE /* MainTabBarController.swift in Sources */,
				9F3AE9E71BC6086300ADB6DE /* AppDelegate.swift in Sources */,
			);
			runOnlyForDeploymentPostprocessing = 0;
		};
		9F3AE9F31BC6086400ADB6DE /* Sources */ = {
			isa = PBXSourcesBuildPhase;
			buildActionMask = 2147483647;
			files = (
				9F3AE9FC1BC6086400ADB6DE /* ____3Tests.swift in Sources */,
			);
			runOnlyForDeploymentPostprocessing = 0;
		};
		9F3AE9FE1BC6086400ADB6DE /* Sources */ = {
			isa = PBXSourcesBuildPhase;
			buildActionMask = 2147483647;
			files = (
				9F3AEA071BC6086400ADB6DE /* ____3UITests.swift in Sources */,
			);
			runOnlyForDeploymentPostprocessing = 0;
		};
/* End PBXSourcesBuildPhase section */

/* Begin PBXTargetDependency section */
		9F3AE9F91BC6086400ADB6DE /* PBXTargetDependency */ = {
			isa = PBXTargetDependency;
			target = 9F3AE9E21BC6086300ADB6DE /* 新浪微博3 */;
			targetProxy = 9F3AE9F81BC6086400ADB6DE /* PBXContainerItemProxy */;
		};
		9F3AEA041BC6086400ADB6DE /* PBXTargetDependency */ = {
			isa = PBXTargetDependency;
			target = 9F3AE9E21BC6086300ADB6DE /* 新浪微博3 */;
			targetProxy = 9F3AEA031BC6086400ADB6DE /* PBXContainerItemProxy */;
		};
/* End PBXTargetDependency section */

/* Begin XCBuildConfiguration section */
		9F3AEA091BC6086400ADB6DE /* Debug */ = {
			isa = XCBuildConfiguration;
			buildSettings = {
				ALWAYS_SEARCH_USER_PATHS = NO;
				CLANG_CXX_LANGUAGE_STANDARD = "gnu++0x";
				CLANG_CXX_LIBRARY = "libc++";
				CLANG_ENABLE_MODULES = YES;
				CLANG_ENABLE_OBJC_ARC = YES;
				CLANG_WARN_BOOL_CONVERSION = YES;
				CLANG_WARN_CONSTANT_CONVERSION = YES;
				CLANG_WARN_DIRECT_OBJC_ISA_USAGE = YES_ERROR;
				CLANG_WARN_EMPTY_BODY = YES;
				CLANG_WARN_ENUM_CONVERSION = YES;
				CLANG_WARN_INT_CONVERSION = YES;
				CLANG_WARN_OBJC_ROOT_CLASS = YES_ERROR;
				CLANG_WARN_UNREACHABLE_CODE = YES;
				CLANG_WARN__DUPLICATE_METHOD_MATCH = YES;
				"CODE_SIGN_IDENTITY[sdk=iphoneos*]" = "iPhone Developer";
				COPY_PHASE_STRIP = NO;
				DEBUG_INFORMATION_FORMAT = dwarf;
				ENABLE_STRICT_OBJC_MSGSEND = YES;
				ENABLE_TESTABILITY = YES;
				GCC_C_LANGUAGE_STANDARD = gnu99;
				GCC_DYNAMIC_NO_PIC = NO;
				GCC_NO_COMMON_BLOCKS = YES;
				GCC_OPTIMIZATION_LEVEL = 0;
				GCC_PREPROCESSOR_DEFINITIONS = (
					"DEBUG=1",
					"$(inherited)",
				);
				GCC_WARN_64_TO_32_BIT_CONVERSION = YES;
				GCC_WARN_ABOUT_RETURN_TYPE = YES_ERROR;
				GCC_WARN_UNDECLARED_SELECTOR = YES;
				GCC_WARN_UNINITIALIZED_AUTOS = YES_AGGRESSIVE;
				GCC_WARN_UNUSED_FUNCTION = YES;
				GCC_WARN_UNUSED_VARIABLE = YES;
				IPHONEOS_DEPLOYMENT_TARGET = 9.0;
				MTL_ENABLE_DEBUG_INFO = YES;
				ONLY_ACTIVE_ARCH = YES;
				SDKROOT = iphoneos;
				SWIFT_OPTIMIZATION_LEVEL = "-Onone";
				TARGETED_DEVICE_FAMILY = "1,2";
			};
			name = Debug;
		};
		9F3AEA0A1BC6086400ADB6DE /* Release */ = {
			isa = XCBuildConfiguration;
			buildSettings = {
				ALWAYS_SEARCH_USER_PATHS = NO;
				CLANG_CXX_LANGUAGE_STANDARD = "gnu++0x";
				CLANG_CXX_LIBRARY = "libc++";
				CLANG_ENABLE_MODULES = YES;
				CLANG_ENABLE_OBJC_ARC = YES;
				CLANG_WARN_BOOL_CONVERSION = YES;
				CLANG_WARN_CONSTANT_CONVERSION = YES;
				CLANG_WARN_DIRECT_OBJC_ISA_USAGE = YES_ERROR;
				CLANG_WARN_EMPTY_BODY = YES;
				CLANG_WARN_ENUM_CONVERSION = YES;
				CLANG_WARN_INT_CONVERSION = YES;
				CLANG_WARN_OBJC_ROOT_CLASS = YES_ERROR;
				CLANG_WARN_UNREACHABLE_CODE = YES;
				CLANG_WARN__DUPLICATE_METHOD_MATCH = YES;
				"CODE_SIGN_IDENTITY[sdk=iphoneos*]" = "iPhone Developer";
				COPY_PHASE_STRIP = NO;
				DEBUG_INFORMATION_FORMAT = "dwarf-with-dsym";
				ENABLE_NS_ASSERTIONS = NO;
				ENABLE_STRICT_OBJC_MSGSEND = YES;
				GCC_C_LANGUAGE_STANDARD = gnu99;
				GCC_NO_COMMON_BLOCKS = YES;
				GCC_WARN_64_TO_32_BIT_CONVERSION = YES;
				GCC_WARN_ABOUT_RETURN_TYPE = YES_ERROR;
				GCC_WARN_UNDECLARED_SELECTOR = YES;
				GCC_WARN_UNINITIALIZED_AUTOS = YES_AGGRESSIVE;
				GCC_WARN_UNUSED_FUNCTION = YES;
				GCC_WARN_UNUSED_VARIABLE = YES;
				IPHONEOS_DEPLOYMENT_TARGET = 9.0;
				MTL_ENABLE_DEBUG_INFO = NO;
				SDKROOT = iphoneos;
				TARGETED_DEVICE_FAMILY = "1,2";
				VALIDATE_PRODUCT = YES;
			};
			name = Release;
		};
		9F3AEA0C1BC6086400ADB6DE /* Debug */ = {
			isa = XCBuildConfiguration;
			buildSettings = {
				ASSETCATALOG_COMPILER_APPICON_NAME = AppIcon;
				ASSETCATALOG_COMPILER_LAUNCHIMAGE_NAME = BrandAsset;
				INFOPLIST_FILE = "新浪微博3/Info.plist";
				LD_RUNPATH_SEARCH_PATHS = "$(inherited) @executable_path/Frameworks";
				PRODUCT_BUNDLE_IDENTIFIER = "www.----3";
				PRODUCT_NAME = "$(TARGET_NAME)";
			};
			name = Debug;
		};
		9F3AEA0D1BC6086400ADB6DE /* Release */ = {
			isa = XCBuildConfiguration;
			buildSettings = {
				ASSETCATALOG_COMPILER_APPICON_NAME = AppIcon;
				ASSETCATALOG_COMPILER_LAUNCHIMAGE_NAME = BrandAsset;
				INFOPLIST_FILE = "新浪微博3/Info.plist";
				LD_RUNPATH_SEARCH_PATHS = "$(inherited) @executable_path/Frameworks";
				PRODUCT_BUNDLE_IDENTIFIER = "www.----3";
				PRODUCT_NAME = "$(TARGET_NAME)";
			};
			name = Release;
		};
		9F3AEA0F1BC6086400ADB6DE /* Debug */ = {
			isa = XCBuildConfiguration;
			buildSettings = {
				BUNDLE_LOADER = "$(TEST_HOST)";
				INFOPLIST_FILE = "新浪微博3Tests/Info.plist";
				LD_RUNPATH_SEARCH_PATHS = "$(inherited) @executable_path/Frameworks @loader_path/Frameworks";
				PRODUCT_BUNDLE_IDENTIFIER = "www.----3Tests";
				PRODUCT_NAME = "$(TARGET_NAME)";
				TEST_HOST = "$(BUILT_PRODUCTS_DIR)/新浪微博3.app/新浪微博3";
			};
			name = Debug;
		};
		9F3AEA101BC6086400ADB6DE /* Release */ = {
			isa = XCBuildConfiguration;
			buildSettings = {
				BUNDLE_LOADER = "$(TEST_HOST)";
				INFOPLIST_FILE = "新浪微博3Tests/Info.plist";
				LD_RUNPATH_SEARCH_PATHS = "$(inherited) @executable_path/Frameworks @loader_path/Frameworks";
				PRODUCT_BUNDLE_IDENTIFIER = "www.----3Tests";
				PRODUCT_NAME = "$(TARGET_NAME)";
				TEST_HOST = "$(BUILT_PRODUCTS_DIR)/新浪微博3.app/新浪微博3";
			};
			name = Release;
		};
		9F3AEA121BC6086400ADB6DE /* Debug */ = {
			isa = XCBuildConfiguration;
			buildSettings = {
				INFOPLIST_FILE = "新浪微博3UITests/Info.plist";
				LD_RUNPATH_SEARCH_PATHS = "$(inherited) @executable_path/Frameworks @loader_path/Frameworks";
				PRODUCT_BUNDLE_IDENTIFIER = "www.----3UITests";
				PRODUCT_NAME = "$(TARGET_NAME)";
				TEST_TARGET_NAME = "新浪微博3";
				USES_XCTRUNNER = YES;
			};
			name = Debug;
		};
		9F3AEA131BC6086400ADB6DE /* Release */ = {
			isa = XCBuildConfiguration;
			buildSettings = {
				INFOPLIST_FILE = "新浪微博3UITests/Info.plist";
				LD_RUNPATH_SEARCH_PATHS = "$(inherited) @executable_path/Frameworks @loader_path/Frameworks";
				PRODUCT_BUNDLE_IDENTIFIER = "www.----3UITests";
				PRODUCT_NAME = "$(TARGET_NAME)";
				TEST_TARGET_NAME = "新浪微博3";
				USES_XCTRUNNER = YES;
			};
			name = Release;
		};
/* End XCBuildConfiguration section */

/* Begin XCConfigurationList section */
		9F3AE9DE1BC6086300ADB6DE /* Build configuration list for PBXProject "新浪微博3" */ = {
			isa = XCConfigurationList;
			buildConfigurations = (
				9F3AEA091BC6086400ADB6DE /* Debug */,
				9F3AEA0A1BC6086400ADB6DE /* Release */,
			);
			defaultConfigurationIsVisible = 0;
			defaultConfigurationName = Release;
		};
		9F3AEA0B1BC6086400ADB6DE /* Build configuration list for PBXNativeTarget "新浪微博3" */ = {
			isa = XCConfigurationList;
			buildConfigurations = (
				9F3AEA0C1BC6086400ADB6DE /* Debug */,
				9F3AEA0D1BC6086400ADB6DE /* Release */,
			);
			defaultConfigurationIsVisible = 0;
			defaultConfigurationName = Release;
		};
		9F3AEA0E1BC6086400ADB6DE /* Build configuration list for PBXNativeTarget "新浪微博3Tests" */ = {
			isa = XCConfigurationList;
			buildConfigurations = (
				9F3AEA0F1BC6086400ADB6DE /* Debug */,
				9F3AEA101BC6086400ADB6DE /* Release */,
			);
			defaultConfigurationIsVisible = 0;
			defaultConfigurationName = Release;
		};
		9F3AEA111BC6086400ADB6DE /* Build configuration list for PBXNativeTarget "新浪微博3UITests" */ = {
			isa = XCConfigurationList;
			buildConfigurations = (
				9F3AEA121BC6086400ADB6DE /* Debug */,
				9F3AEA131BC6086400ADB6DE /* Release */,
			);
			defaultConfigurationIsVisible = 0;
			defaultConfigurationName = Release;
		};
/* End XCConfigurationList section */
	};
	rootObject = 9F3AE9DB1BC6086300ADB6DE /* Project object */;
}
